
Microsoft Visual Studio Solution File, Format Version 12.00
# Visual Studio Version 17
VisualStudioVersion = 17.9.34622.214
MinimumVisualStudioVersion = 10.0.40219.1
Project("{FAE04EC0-301F-11D3-BF4B-00C04F79EFBC}") = "SimpleHTTP", "SimpleHTTP\SimpleHTTP.csproj", "{6CD088E0-D49D-4620-82EC-9B2C0A2189F2}"
EndProject
Global
	GlobalSection(SolutionConfigurationPlatforms) = preSolution
		Debug|Any CPU = Debug|Any CPU
		Release|Any CPU = Release|Any CPU
	EndGlobalSection
	GlobalSection(ProjectConfigurationPlatforms) = postSolution
		{6CD088E0-D49D-4620-82EC-9B2C0A2189F2}.Debug|Any CPU.ActiveCfg = Debug|Any CPU
		{6CD088E0-D49D-4620-82EC-9B2C0A2189F2}.Debug|Any CPU.Build.0 = Debug|Any CPU
		{6CD088E0-D49D-4620-82EC-9B2C0A2189F2}.Release|Any CPU.ActiveCfg = Release|Any CPU
		{6CD088E0-D49D-4620-82EC-9B2C0A2189F2}.Release|Any CPU.Build.0 = Release|Any CPU
	EndGlobalSection
	GlobalSection(SolutionProperties) = preSolution
		HideSolutionNode = FALSE
	EndGlobalSection
	GlobalSection(ExtensibilityGlobals) = postSolution
		SolutionGuid = {4ACFA67F-A35D-43F0-9FDE-919FE8E84B4E}
	EndGlobalSection
EndGlobal
